
Microsoft Visual Studio Solution File, Format Version 12.00
# Visual Studio 15
VisualStudioVersion = 15.0.27428.2043
MinimumVisualStudioVersion = 10.0.40219.1
Project("{FAE04EC0-301F-11D3-BF4B-00C04F79EFBC}") = "TKSGGameServer", "ConsoleApp1\TKSGGameServer.csproj", "{DAAB8D38-7287-4BE4-A805-5F950A7977FB}"
EndProject
Global
	GlobalSection(SolutionConfigurationPlatforms) = preSolution
		Debug|Any CPU = Debug|Any CPU
		Release|Any CPU = Release|Any CPU
	EndGlobalSection
	GlobalSection(ProjectConfigurationPlatforms) = postSolution
		{DAAB8D38-7287-4BE4-A805-5F950A7977FB}.Debug|Any CPU.ActiveCfg = Debug|Any CPU
		{DAAB8D38-7287-4BE4-A805-5F950A7977FB}.Debug|Any CPU.Build.0 = Debug|Any CPU
		{DAAB8D38-7287-4BE4-A805-5F950A7977FB}.Release|Any CPU.ActiveCfg = Release|Any CPU
		{DAAB8D38-7287-4BE4-A805-5F950A7977FB}.Release|Any CPU.Build.0 = Release|Any CPU
	EndGlobalSection
	GlobalSection(SolutionProperties) = preSolution
		HideSolutionNode = FALSE
	EndGlobalSection
	GlobalSection(ExtensibilityGlobals) = postSolution
		SolutionGuid = {C54971FB-BBC5-4BAE-99CA-CCD19FFEB61D}
	EndGlobalSection
EndGlobal
